
Microsoft Visual Studio Solution File, Format Version 12.00
# Visual Studio 15
VisualStudioVersion = 15.0.28307.539
MinimumVisualStudioVersion = 10.0.40219.1
Project("{FAE04EC0-301F-11D3-BF4B-00C04F79EFBC}") = "AyurvedOnCall", "AyurvedOnCall\AyurvedOnCall.csproj", "{DC2169B1-CD7F-4951-8EAE-7A6CFE205118}"
EndProject
Global
	GlobalSection(SolutionConfigurationPlatforms) = preSolution
		Debug|Any CPU = Debug|Any CPU
		Release|Any CPU = Release|Any CPU
	EndGlobalSection
	GlobalSection(ProjectConfigurationPlatforms) = postSolution
		{DC2169B1-CD7F-4951-8EAE-7A6CFE205118}.Debug|Any CPU.ActiveCfg = Debug|Any CPU
		{DC2169B1-CD7F-4951-8EAE-7A6CFE205118}.Debug|Any CPU.Build.0 = Debug|Any CPU
		{DC2169B1-CD7F-4951-8EAE-7A6CFE205118}.Release|Any CPU.ActiveCfg = Release|Any CPU
		{DC2169B1-CD7F-4951-8EAE-7A6CFE205118}.Release|Any CPU.Build.0 = Release|Any CPU
	EndGlobalSection
	GlobalSection(SolutionProperties) = preSolution
		HideSolutionNode = FALSE
	EndGlobalSection
	GlobalSection(ExtensibilityGlobals) = postSolution
		SolutionGuid = {791CFA73-26D8-4A03-9BCB-4195C01987D6}
	EndGlobalSection
EndGlobal
